
Microsoft Visual Studio Solution File, Format Version 11.00
# Visual Studio 2010
Project("{2150E333-8FDC-42A3-9474-1A3956D46DE8}") = "Test", "Test", "{846BB85B-EA3B-4AFD-8D9B-175169335C85}"
EndProject
Project("{2150E333-8FDC-42A3-9474-1A3956D46DE8}") = "Application", "Application", "{6F533B4F-2172-4CED-8DD9-E6F95D6CDD4C}"
EndProject
Project("{2150E333-8FDC-42A3-9474-1A3956D46DE8}") = "Core", "Core", "{0296DDBF-FEEF-4A78-966A-BF9D46EFC115}"
EndProject
Project("{2150E333-8FDC-42A3-9474-1A3956D46DE8}") = "SystemMonitor", "SystemMonitor", "{D2C5B4E8-E0AE-4898-94DA-62D5DFD0AD10}"
EndProject
Project("{2150E333-8FDC-42A3-9474-1A3956D46DE8}") = "ChatServer", "ChatServer", "{D665883A-5F6B-4918-AC25-BA72A0EF4EC6}"
EndProject
Project("{2150E333-8FDC-42A3-9474-1A3956D46DE8}") = "ChatClient", "ChatClient", "{B200C296-90F5-4D87-A3DD-838716D11E3C}"
EndProject
Project("{2150E333-8FDC-42A3-9474-1A3956D46DE8}") = "ChatCommon", "ChatCommon", "{DBD7E394-3E10-4453-858F-1DB05ACF79A3}"
EndProject
Project("{2150E333-8FDC-42A3-9474-1A3956D46DE8}") = "Extern", "Extern", "{F559A5E4-2599-482D-AE80-880F8404CDBF}"
EndProject
Project("{8BC9CEB8-8B4A-11D0-8D11-00A0C91BC942}") = "TestLogSystem", "Project\Test\TestLogSystem\TestLogSystem.vcxproj", "{B14F4198-4A2D-49A3-82E5-27552CA61225}"
EndProject
Project("{8BC9CEB8-8B4A-11D0-8D11-00A0C91BC942}") = "Utility", "Project\Core\Utility\Utility.vcxproj", "{9970F09F-DEE9-43C9-BE89-8EF1FA863773}"
	ProjectSection(ProjectDependencies) = postProject
		{BDEA092D-D47E-4559-885B-293ED386AAF9} = {BDEA092D-D47E-4559-885B-293ED386AAF9}
	EndProjectSection
EndProject
Project("{8BC9CEB8-8B4A-11D0-8D11-00A0C91BC942}") = "TestUtility", "Project\Test\TestUtility\TestUtility.vcxproj", "{9B23CA4A-D826-43AF-BF89-B2BA988066C8}"
EndProject
Project("{8BC9CEB8-8B4A-11D0-8D11-00A0C91BC942}") = "TestSystemMonitorLib", "Project\Test\TestSystemMonitorLib\TestSystemMonitorLib.vcxproj", "{52A6C649-1B19-44C3-944B-89EA4B294B5B}"
EndProject
Project("{8BC9CEB8-8B4A-11D0-8D11-00A0C91BC942}") = "SystemMonitorLib", "Project\Application\SystemMonitor\SystemMonitorLib\SystemMonitorLib.vcxproj", "{A02CFBE3-F477-4B10-AD74-CD078AC53352}"
EndProject
Project("{8BC9CEB8-8B4A-11D0-8D11-00A0C91BC942}") = "SystemMonitorServer", "Project\Application\SystemMonitor\SystemMonitorServer\SystemMonitorServer.vcxproj", "{62760DEF-6067-46D9-A783-132327EFED04}"
EndProject
Project("{8BC9CEB8-8B4A-11D0-8D11-00A0C91BC942}") = "SystemMonitorClient", "Project\Application\SystemMonitor\SystemMonitorClient\SystemMonitorClient.vcxproj", "{39A8DCE3-A342-4FC1-B99E-DAC95410ABD0}"
EndProject
Project("{FAE04EC0-301F-11D3-BF4B-00C04F79EFBC}") = "SystemMonitorClientUI", "Project\Application\SystemMonitor\SystemMonitorClientUI\SystemMonitorClientUI.csproj", "{6A7273DD-1E60-43FB-9E11-82DA770282EB}"
EndProject
Project("{8BC9CEB8-8B4A-11D0-8D11-00A0C91BC942}") = "GateServer", "Project\Application\GateServer\GateServer.vcxproj", "{5116664C-37F5-41C4-864C-7EA53C0AE5EB}"
EndProject
Project("{8BC9CEB8-8B4A-11D0-8D11-00A0C91BC942}") = "TestClient", "Project\Test\TestClient\TestClient.vcxproj", "{EFEA0BBF-8987-472D-A19A-4B29457ABCAA}"
EndProject
Project("{8BC9CEB8-8B4A-11D0-8D11-00A0C91BC942}") = "Client", "Project\Application\Client\Client.vcxproj", "{CC4CCE99-9655-4A6D-8828-00D9B53DB702}"
EndProject
Project("{8BC9CEB8-8B4A-11D0-8D11-00A0C91BC942}") = "ManagerServer", "Project\Application\ManagerServer\ManagerServer.vcxproj", "{8E5386FD-48D8-4AF5-A48E-EE564E583EDF}"
EndProject
Project("{8BC9CEB8-8B4A-11D0-8D11-00A0C91BC942}") = "DBServer", "Project\Application\DBServer\DBServer.vcxproj", "{CE452E51-F598-41AA-B3AC-C1EA7D9D14E7}"
EndProject
Project("{8BC9CEB8-8B4A-11D0-8D11-00A0C91BC942}") = "Common", "Project\Application\Common\Common.vcxproj", "{04E158B6-6A4E-492A-9256-8D136E9D2B73}"
EndProject
Project("{8BC9CEB8-8B4A-11D0-8D11-00A0C91BC942}") = "Sqlite", "Extern\sqlite\Sqlite.vcxproj", "{BDEA092D-D47E-4559-885B-293ED386AAF9}"
EndProject
Project("{8BC9CEB8-8B4A-11D0-8D11-00A0C91BC942}") = "ClientGUI", "Project\Application\ClientGUI\ClientGUI.vcxproj", "{60007BEC-7458-4EE1-AC49-42992291800A}"
	ProjectSection(ProjectDependencies) = postProject
		{9970F09F-DEE9-43C9-BE89-8EF1FA863773} = {9970F09F-DEE9-43C9-BE89-8EF1FA863773}
	EndProjectSection
EndProject
Global
	GlobalSection(SolutionConfigurationPlatforms) = preSolution
		Debug|Any CPU = Debug|Any CPU
		Debug|Mixed Platforms = Debug|Mixed Platforms
		Debug|Win32 = Debug|Win32
		Release|Any CPU = Release|Any CPU
		Release|Mixed Platforms = Release|Mixed Platforms
		Release|Win32 = Release|Win32
	EndGlobalSection
	GlobalSection(ProjectConfigurationPlatforms) = postSolution
		{B14F4198-4A2D-49A3-82E5-27552CA61225}.Debug|Any CPU.ActiveCfg = Debug|Win32
		{B14F4198-4A2D-49A3-82E5-27552CA61225}.Debug|Mixed Platforms.ActiveCfg = Debug|Win32
		{B14F4198-4A2D-49A3-82E5-27552CA61225}.Debug|Mixed Platforms.Build.0 = Debug|Win32
		{B14F4198-4A2D-49A3-82E5-27552CA61225}.Debug|Win32.ActiveCfg = Debug|Win32
		{B14F4198-4A2D-49A3-82E5-27552CA61225}.Debug|Win32.Build.0 = Debug|Win32
		{B14F4198-4A2D-49A3-82E5-27552CA61225}.Release|Any CPU.ActiveCfg = Release|Win32
		{B14F4198-4A2D-49A3-82E5-27552CA61225}.Release|Mixed Platforms.ActiveCfg = Release|Win32
		{B14F4198-4A2D-49A3-82E5-27552CA61225}.Release|Mixed Platforms.Build.0 = Release|Win32
		{B14F4198-4A2D-49A3-82E5-27552CA61225}.Release|Win32.ActiveCfg = Release|Win32
		{B14F4198-4A2D-49A3-82E5-27552CA61225}.Release|Win32.Build.0 = Release|Win32
		{9970F09F-DEE9-43C9-BE89-8EF1FA863773}.Debug|Any CPU.ActiveCfg = Debug|Win32
		{9970F09F-DEE9-43C9-BE89-8EF1FA863773}.Debug|Mixed Platforms.ActiveCfg = Debug|Win32
		{9970F09F-DEE9-43C9-BE89-8EF1FA863773}.Debug|Mixed Platforms.Build.0 = Debug|Win32
		{9970F09F-DEE9-43C9-BE89-8EF1FA863773}.Debug|Win32.ActiveCfg = Debug|Win32
		{9970F09F-DEE9-43C9-BE89-8EF1FA863773}.Debug|Win32.Build.0 = Debug|Win32
		{9970F09F-DEE9-43C9-BE89-8EF1FA863773}.Release|Any CPU.ActiveCfg = Release|Win32
		{9970F09F-DEE9-43C9-BE89-8EF1FA863773}.Release|Mixed Platforms.ActiveCfg = Release|Win32
		{9970F09F-DEE9-43C9-BE89-8EF1FA863773}.Release|Mixed Platforms.Build.0 = Release|Win32
		{9970F09F-DEE9-43C9-BE89-8EF1FA863773}.Release|Win32.ActiveCfg = Release|Win32
		{9970F09F-DEE9-43C9-BE89-8EF1FA863773}.Release|Win32.Build.0 = Release|Win32
		{9B23CA4A-D826-43AF-BF89-B2BA988066C8}.Debug|Any CPU.ActiveCfg = Debug|Win32
		{9B23CA4A-D826-43AF-BF89-B2BA988066C8}.Debug|Mixed Platforms.ActiveCfg = Debug|Win32
		{9B23CA4A-D826-43AF-BF89-B2BA988066C8}.Debug|Mixed Platforms.Build.0 = Debug|Win32
		{9B23CA4A-D826-43AF-BF89-B2BA988066C8}.Debug|Win32.ActiveCfg = Debug|Win32
		{9B23CA4A-D826-43AF-BF89-B2BA988066C8}.Debug|Win32.Build.0 = Debug|Win32
		{9B23CA4A-D826-43AF-BF89-B2BA988066C8}.Release|Any CPU.ActiveCfg = Release|Win32
		{9B23CA4A-D826-43AF-BF89-B2BA988066C8}.Release|Mixed Platforms.ActiveCfg = Release|Win32
		{9B23CA4A-D826-43AF-BF89-B2BA988066C8}.Release|Mixed Platforms.Build.0 = Release|Win32
		{9B23CA4A-D826-43AF-BF89-B2BA988066C8}.Release|Win32.ActiveCfg = Release|Win32
		{9B23CA4A-D826-43AF-BF89-B2BA988066C8}.Release|Win32.Build.0 = Release|Win32
		{52A6C649-1B19-44C3-944B-89EA4B294B5B}.Debug|Any CPU.ActiveCfg = Debug|Win32
		{52A6C649-1B19-44C3-944B-89EA4B294B5B}.Debug|Mixed Platforms.ActiveCfg = Debug|Win32
		{52A6C649-1B19-44C3-944B-89EA4B294B5B}.Debug|Mixed Platforms.Build.0 = Debug|Win32
		{52A6C649-1B19-44C3-944B-89EA4B294B5B}.Debug|Win32.ActiveCfg = Debug|Win32
		{52A6C649-1B19-44C3-944B-89EA4B294B5B}.Debug|Win32.Build.0 = Debug|Win32
		{52A6C649-1B19-44C3-944B-89EA4B294B5B}.Release|Any CPU.ActiveCfg = Release|Win32
		{52A6C649-1B19-44C3-944B-89EA4B294B5B}.Release|Mixed Platforms.ActiveCfg = Release|Win32
		{52A6C649-1B19-44C3-944B-89EA4B294B5B}.Release|Mixed Platforms.Build.0 = Release|Win32
		{52A6C649-1B19-44C3-944B-89EA4B294B5B}.Release|Win32.ActiveCfg = Release|Win32
		{52A6C649-1B19-44C3-944B-89EA4B294B5B}.Release|Win32.Build.0 = Release|Win32
		{A02CFBE3-F477-4B10-AD74-CD078AC53352}.Debug|Any CPU.ActiveCfg = Debug|Win32
		{A02CFBE3-F477-4B10-AD74-CD078AC53352}.Debug|Mixed Platforms.ActiveCfg = Debug|Win32
		{A02CFBE3-F477-4B10-AD74-CD078AC53352}.Debug|Mixed Platforms.Build.0 = Debug|Win32
		{A02CFBE3-F477-4B10-AD74-CD078AC53352}.Debug|Win32.ActiveCfg = Debug|Win32
		{A02CFBE3-F477-4B10-AD74-CD078AC53352}.Debug|Win32.Build.0 = Debug|Win32
		{A02CFBE3-F477-4B10-AD74-CD078AC53352}.Release|Any CPU.ActiveCfg = Release|Win32
		{A02CFBE3-F477-4B10-AD74-CD078AC53352}.Release|Mixed Platforms.ActiveCfg = Release|Win32
		{A02CFBE3-F477-4B10-AD74-CD078AC53352}.Release|Mixed Platforms.Build.0 = Release|Win32
		{A02CFBE3-F477-4B10-AD74-CD078AC53352}.Release|Win32.ActiveCfg = Release|Win32
		{A02CFBE3-F477-4B10-AD74-CD078AC53352}.Release|Win32.Build.0 = Release|Win32
		{62760DEF-6067-46D9-A783-132327EFED04}.Debug|Any CPU.ActiveCfg = Debug|Win32
		{62760DEF-6067-46D9-A783-132327EFED04}.Debug|Mixed Platforms.ActiveCfg = Debug|Win32
		{62760DEF-6067-46D9-A783-132327EFED04}.Debug|Mixed Platforms.Build.0 = Debug|Win32
		{62760DEF-6067-46D9-A783-132327EFED04}.Debug|Win32.ActiveCfg = Debug|Win32
		{62760DEF-6067-46D9-A783-132327EFED04}.Debug|Win32.Build.0 = Debug|Win32
		{62760DEF-6067-46D9-A783-132327EFED04}.Release|Any CPU.ActiveCfg = Release|Win32
		{62760DEF-6067-46D9-A783-132327EFED04}.Release|Mixed Platforms.ActiveCfg = Release|Win32
		{62760DEF-6067-46D9-A783-132327EFED04}.Release|Mixed Platforms.Build.0 = Release|Win32
		{62760DEF-6067-46D9-A783-132327EFED04}.Release|Win32.ActiveCfg = Release|Win32
		{62760DEF-6067-46D9-A783-132327EFED04}.Release|Win32.Build.0 = Release|Win32
		{39A8DCE3-A342-4FC1-B99E-DAC95410ABD0}.Debug|Any CPU.ActiveCfg = Debug|Win32
		{39A8DCE3-A342-4FC1-B99E-DAC95410ABD0}.Debug|Mixed Platforms.ActiveCfg = Debug|Win32
		{39A8DCE3-A342-4FC1-B99E-DAC95410ABD0}.Debug|Mixed Platforms.Build.0 = Debug|Win32
		{39A8DCE3-A342-4FC1-B99E-DAC95410ABD0}.Debug|Win32.ActiveCfg = Debug|Win32
		{39A8DCE3-A342-4FC1-B99E-DAC95410ABD0}.Debug|Win32.Build.0 = Debug|Win32
		{39A8DCE3-A342-4FC1-B99E-DAC95410ABD0}.Release|Any CPU.ActiveCfg = Release|Win32
		{39A8DCE3-A342-4FC1-B99E-DAC95410ABD0}.Release|Mixed Platforms.ActiveCfg = Release|Win32
		{39A8DCE3-A342-4FC1-B99E-DAC95410ABD0}.Release|Mixed Platforms.Build.0 = Release|Win32
		{39A8DCE3-A342-4FC1-B99E-DAC95410ABD0}.Release|Win32.ActiveCfg = Release|Win32
		{39A8DCE3-A342-4FC1-B99E-DAC95410ABD0}.Release|Win32.Build.0 = Release|Win32
		{6A7273DD-1E60-43FB-9E11-82DA770282EB}.Debug|Any CPU.ActiveCfg = Debug|Any CPU
		{6A7273DD-1E60-43FB-9E11-82DA770282EB}.Debug|Any CPU.Build.0 = Debug|Any CPU
		{6A7273DD-1E60-43FB-9E11-82DA770282EB}.Debug|Mixed Platforms.ActiveCfg = Debug|Any CPU
		{6A7273DD-1E60-43FB-9E11-82DA770282EB}.Debug|Mixed Platforms.Build.0 = Debug|Any CPU
		{6A7273DD-1E60-43FB-9E11-82DA770282EB}.Debug|Win32.ActiveCfg = Debug|Any CPU
		{6A7273DD-1E60-43FB-9E11-82DA770282EB}.Release|Any CPU.ActiveCfg = Release|Any CPU
		{6A7273DD-1E60-43FB-9E11-82DA770282EB}.Release|Any CPU.Build.0 = Release|Any CPU
		{6A7273DD-1E60-43FB-9E11-82DA770282EB}.Release|Mixed Platforms.ActiveCfg = Release|Any CPU
		{6A7273DD-1E60-43FB-9E11-82DA770282EB}.Release|Mixed Platforms.Build.0 = Release|Any CPU
		{6A7273DD-1E60-43FB-9E11-82DA770282EB}.Release|Win32.ActiveCfg = Release|Any CPU
		{5116664C-37F5-41C4-864C-7EA53C0AE5EB}.Debug|Any CPU.ActiveCfg = Debug|Win32
		{5116664C-37F5-41C4-864C-7EA53C0AE5EB}.Debug|Mixed Platforms.ActiveCfg = Debug|Win32
		{5116664C-37F5-41C4-864C-7EA53C0AE5EB}.Debug|Mixed Platforms.Build.0 = Debug|Win32
		{5116664C-37F5-41C4-864C-7EA53C0AE5EB}.Debug|Win32.ActiveCfg = Debug|Win32
		{5116664C-37F5-41C4-864C-7EA53C0AE5EB}.Debug|Win32.Build.0 = Debug|Win32
		{5116664C-37F5-41C4-864C-7EA53C0AE5EB}.Release|Any CPU.ActiveCfg = Release|Win32
		{5116664C-37F5-41C4-864C-7EA53C0AE5EB}.Release|Mixed Platforms.ActiveCfg = Release|Win32
		{5116664C-37F5-41C4-864C-7EA53C0AE5EB}.Release|Mixed Platforms.Build.0 = Release|Win32
		{5116664C-37F5-41C4-864C-7EA53C0AE5EB}.Release|Win32.ActiveCfg = Release|Win32
		{5116664C-37F5-41C4-864C-7EA53C0AE5EB}.Release|Win32.Build.0 = Release|Win32
		{EFEA0BBF-8987-472D-A19A-4B29457ABCAA}.Debug|Any CPU.ActiveCfg = Debug|Win32
		{EFEA0BBF-8987-472D-A19A-4B29457ABCAA}.Debug|Mixed Platforms.ActiveCfg = Debug|Win32
		{EFEA0BBF-8987-472D-A19A-4B29457ABCAA}.Debug|Mixed Platforms.Build.0 = Debug|Win32
		{EFEA0BBF-8987-472D-A19A-4B29457ABCAA}.Debug|Win32.ActiveCfg = Debug|Win32
		{EFEA0BBF-8987-472D-A19A-4B29457ABCAA}.Debug|Win32.Build.0 = Debug|Win32
		{EFEA0BBF-8987-472D-A19A-4B29457ABCAA}.Release|Any CPU.ActiveCfg = Release|Win32
		{EFEA0BBF-8987-472D-A19A-4B29457ABCAA}.Release|Mixed Platforms.ActiveCfg = Release|Win32
		{EFEA0BBF-8987-472D-A19A-4B29457ABCAA}.Release|Mixed Platforms.Build.0 = Release|Win32
		{EFEA0BBF-8987-472D-A19A-4B29457ABCAA}.Release|Win32.ActiveCfg = Release|Win32
		{EFEA0BBF-8987-472D-A19A-4B29457ABCAA}.Release|Win32.Build.0 = Release|Win32
		{CC4CCE99-9655-4A6D-8828-00D9B53DB702}.Debug|Any CPU.ActiveCfg = Debug|Win32
		{CC4CCE99-9655-4A6D-8828-00D9B53DB702}.Debug|Mixed Platforms.ActiveCfg = Debug|Win32
		{CC4CCE99-9655-4A6D-8828-00D9B53DB702}.Debug|Mixed Platforms.Build.0 = Debug|Win32
		{CC4CCE99-9655-4A6D-8828-00D9B53DB702}.Debug|Win32.ActiveCfg = Debug|Win32
		{CC4CCE99-9655-4A6D-8828-00D9B53DB702}.Debug|Win32.Build.0 = Debug|Win32
		{CC4CCE99-9655-4A6D-8828-00D9B53DB702}.Release|Any CPU.ActiveCfg = Release|Win32
		{CC4CCE99-9655-4A6D-8828-00D9B53DB702}.Release|Mixed Platforms.ActiveCfg = Release|Win32
		{CC4CCE99-9655-4A6D-8828-00D9B53DB702}.Release|Mixed Platforms.Build.0 = Release|Win32
		{CC4CCE99-9655-4A6D-8828-00D9B53DB702}.Release|Win32.ActiveCfg = Release|Win32
		{CC4CCE99-9655-4A6D-8828-00D9B53DB702}.Release|Win32.Build.0 = Release|Win32
		{8E5386FD-48D8-4AF5-A48E-EE564E583EDF}.Debug|Any CPU.ActiveCfg = Debug|Win32
		{8E5386FD-48D8-4AF5-A48E-EE564E583EDF}.Debug|Mixed Platforms.ActiveCfg = Debug|Win32
		{8E5386FD-48D8-4AF5-A48E-EE564E583EDF}.Debug|Mixed Platforms.Build.0 = Debug|Win32
		{8E5386FD-48D8-4AF5-A48E-EE564E583EDF}.Debug|Win32.ActiveCfg = Debug|Win32
		{8E5386FD-48D8-4AF5-A48E-EE564E583EDF}.Debug|Win32.Build.0 = Debug|Win32
		{8E5386FD-48D8-4AF5-A48E-EE564E583EDF}.Release|Any CPU.ActiveCfg = Release|Win32
		{8E5386FD-48D8-4AF5-A48E-EE564E583EDF}.Release|Mixed Platforms.ActiveCfg = Release|Win32
		{8E5386FD-48D8-4AF5-A48E-EE564E583EDF}.Release|Mixed Platforms.Build.0 = Release|Win32
		{8E5386FD-48D8-4AF5-A48E-EE564E583EDF}.Release|Win32.ActiveCfg = Release|Win32
		{8E5386FD-48D8-4AF5-A48E-EE564E583EDF}.Release|Win32.Build.0 = Release|Win32
		{CE452E51-F598-41AA-B3AC-C1EA7D9D14E7}.Debug|Any CPU.ActiveCfg = Debug|Win32
		{CE452E51-F598-41AA-B3AC-C1EA7D9D14E7}.Debug|Mixed Platforms.ActiveCfg = Debug|Win32
		{CE452E51-F598-41AA-B3AC-C1EA7D9D14E7}.Debug|Mixed Platforms.Build.0 = Debug|Win32
		{CE452E51-F598-41AA-B3AC-C1EA7D9D14E7}.Debug|Win32.ActiveCfg = Debug|Win32
		{CE452E51-F598-41AA-B3AC-C1EA7D9D14E7}.Debug|Win32.Build.0 = Debug|Win32
		{CE452E51-F598-41AA-B3AC-C1EA7D9D14E7}.Release|Any CPU.ActiveCfg = Release|Win32
		{CE452E51-F598-41AA-B3AC-C1EA7D9D14E7}.Release|Mixed Platforms.ActiveCfg = Release|Win32
		{CE452E51-F598-41AA-B3AC-C1EA7D9D14E7}.Release|Mixed Platforms.Build.0 = Release|Win32
		{CE452E51-F598-41AA-B3AC-C1EA7D9D14E7}.Release|Win32.ActiveCfg = Release|Win32
		{CE452E51-F598-41AA-B3AC-C1EA7D9D14E7}.Release|Win32.Build.0 = Release|Win32
		{04E158B6-6A4E-492A-9256-8D136E9D2B73}.Debug|Any CPU.ActiveCfg = Debug|Win32
		{04E158B6-6A4E-492A-9256-8D136E9D2B73}.Debug|Mixed Platforms.ActiveCfg = Debug|Win32
		{04E158B6-6A4E-492A-9256-8D136E9D2B73}.Debug|Mixed Platforms.Build.0 = Debug|Win32
		{04E158B6-6A4E-492A-9256-8D136E9D2B73}.Debug|Win32.ActiveCfg = Debug|Win32
		{04E158B6-6A4E-492A-9256-8D136E9D2B73}.Debug|Win32.Build.0 = Debug|Win32
		{04E158B6-6A4E-492A-9256-8D136E9D2B73}.Release|Any CPU.ActiveCfg = Release|Win32
		{04E158B6-6A4E-492A-9256-8D136E9D2B73}.Release|Mixed Platforms.ActiveCfg = Release|Win32
		{04E158B6-6A4E-492A-9256-8D136E9D2B73}.Release|Mixed Platforms.Build.0 = Release|Win32
		{04E158B6-6A4E-492A-9256-8D136E9D2B73}.Release|Win32.ActiveCfg = Release|Win32
		{04E158B6-6A4E-492A-9256-8D136E9D2B73}.Release|Win32.Build.0 = Release|Win32
		{BDEA092D-D47E-4559-885B-293ED386AAF9}.Debug|Any CPU.ActiveCfg = Debug|Win32
		{BDEA092D-D47E-4559-885B-293ED386AAF9}.Debug|Mixed Platforms.ActiveCfg = Debug|Win32
		{BDEA092D-D47E-4559-885B-293ED386AAF9}.Debug|Mixed Platforms.Build.0 = Debug|Win32
		{BDEA092D-D47E-4559-885B-293ED386AAF9}.Debug|Win32.ActiveCfg = Debug|Win32
		{BDEA092D-D47E-4559-885B-293ED386AAF9}.Debug|Win32.Build.0 = Debug|Win32
		{BDEA092D-D47E-4559-885B-293ED386AAF9}.Release|Any CPU.ActiveCfg = Release|Win32
		{BDEA092D-D47E-4559-885B-293ED386AAF9}.Release|Mixed Platforms.ActiveCfg = Release|Win32
		{BDEA092D-D47E-4559-885B-293ED386AAF9}.Release|Mixed Platforms.Build.0 = Release|Win32
		{BDEA092D-D47E-4559-885B-293ED386AAF9}.Release|Win32.ActiveCfg = Release|Win32
		{BDEA092D-D47E-4559-885B-293ED386AAF9}.Release|Win32.Build.0 = Release|Win32
		{60007BEC-7458-4EE1-AC49-42992291800A}.Debug|Any CPU.ActiveCfg = Debug|Win32
		{60007BEC-7458-4EE1-AC49-42992291800A}.Debug|Mixed Platforms.ActiveCfg = Debug|Win32
		{60007BEC-7458-4EE1-AC49-42992291800A}.Debug|Mixed Platforms.Build.0 = Debug|Win32
		{60007BEC-7458-4EE1-AC49-42992291800A}.Debug|Win32.ActiveCfg = Debug|Win32
		{60007BEC-7458-4EE1-AC49-42992291800A}.Debug|Win32.Build.0 = Debug|Win32
		{60007BEC-7458-4EE1-AC49-42992291800A}.Release|Any CPU.ActiveCfg = Release|Win32
		{60007BEC-7458-4EE1-AC49-42992291800A}.Release|Mixed Platforms.ActiveCfg = Release|Win32
		{60007BEC-7458-4EE1-AC49-42992291800A}.Release|Mixed Platforms.Build.0 = Release|Win32
		{60007BEC-7458-4EE1-AC49-42992291800A}.Release|Win32.ActiveCfg = Release|Win32
		{60007BEC-7458-4EE1-AC49-42992291800A}.Release|Win32.Build.0 = Release|Win32
	EndGlobalSection
	GlobalSection(SolutionProperties) = preSolution
		HideSolutionNode = FALSE
	EndGlobalSection
	GlobalSection(NestedProjects) = preSolution
		{B14F4198-4A2D-49A3-82E5-27552CA61225} = {846BB85B-EA3B-4AFD-8D9B-175169335C85}
		{9B23CA4A-D826-43AF-BF89-B2BA988066C8} = {846BB85B-EA3B-4AFD-8D9B-175169335C85}
		{52A6C649-1B19-44C3-944B-89EA4B294B5B} = {846BB85B-EA3B-4AFD-8D9B-175169335C85}
		{EFEA0BBF-8987-472D-A19A-4B29457ABCAA} = {846BB85B-EA3B-4AFD-8D9B-175169335C85}
		{D2C5B4E8-E0AE-4898-94DA-62D5DFD0AD10} = {6F533B4F-2172-4CED-8DD9-E6F95D6CDD4C}
		{D665883A-5F6B-4918-AC25-BA72A0EF4EC6} = {6F533B4F-2172-4CED-8DD9-E6F95D6CDD4C}
		{B200C296-90F5-4D87-A3DD-838716D11E3C} = {6F533B4F-2172-4CED-8DD9-E6F95D6CDD4C}
		{DBD7E394-3E10-4453-858F-1DB05ACF79A3} = {6F533B4F-2172-4CED-8DD9-E6F95D6CDD4C}
		{9970F09F-DEE9-43C9-BE89-8EF1FA863773} = {0296DDBF-FEEF-4A78-966A-BF9D46EFC115}
		{A02CFBE3-F477-4B10-AD74-CD078AC53352} = {D2C5B4E8-E0AE-4898-94DA-62D5DFD0AD10}
		{62760DEF-6067-46D9-A783-132327EFED04} = {D2C5B4E8-E0AE-4898-94DA-62D5DFD0AD10}
		{39A8DCE3-A342-4FC1-B99E-DAC95410ABD0} = {D2C5B4E8-E0AE-4898-94DA-62D5DFD0AD10}
		{6A7273DD-1E60-43FB-9E11-82DA770282EB} = {D2C5B4E8-E0AE-4898-94DA-62D5DFD0AD10}
		{5116664C-37F5-41C4-864C-7EA53C0AE5EB} = {D665883A-5F6B-4918-AC25-BA72A0EF4EC6}
		{8E5386FD-48D8-4AF5-A48E-EE564E583EDF} = {D665883A-5F6B-4918-AC25-BA72A0EF4EC6}
		{CE452E51-F598-41AA-B3AC-C1EA7D9D14E7} = {D665883A-5F6B-4918-AC25-BA72A0EF4EC6}
		{CC4CCE99-9655-4A6D-8828-00D9B53DB702} = {B200C296-90F5-4D87-A3DD-838716D11E3C}
		{60007BEC-7458-4EE1-AC49-42992291800A} = {B200C296-90F5-4D87-A3DD-838716D11E3C}
		{04E158B6-6A4E-492A-9256-8D136E9D2B73} = {DBD7E394-3E10-4453-858F-1DB05ACF79A3}
		{BDEA092D-D47E-4559-885B-293ED386AAF9} = {F559A5E4-2599-482D-AE80-880F8404CDBF}
	EndGlobalSection
EndGlobal
