<?xml version="1.0" encoding="utf-8"?>
<Project ToolsVersion="4.0" xmlns="http://schemas.microsoft.com/developer/msbuild/2003">
  <ItemGroup>
    <Filter Include="Source Files">
      <UniqueIdentifier>{4FC737F1-C7A5-4376-A066-2A32D752A2FF}</UniqueIdentifier>
      <Extensions>cpp;c;cc;cxx;def;odl;idl;hpj;bat;asm;asmx</Extensions>
    </Filter>
    <Filter Include="Source Files\FrameWork">
      <UniqueIdentifier>{bacaa242-feb1-4c69-8822-8976ee4daa94}</UniqueIdentifier>
    </Filter>
    <Filter Include="Source Files\FrameWork\OpenGL">
      <UniqueIdentifier>{bb31b91f-a96d-48d6-8803-c4702e0302c9}</UniqueIdentifier>
    </Filter>
    <Filter Include="Shaders">
      <UniqueIdentifier>{d62a9f1f-e02e-4dad-8730-61abb774a84c}</UniqueIdentifier>
    </Filter>
    <Filter Include="Source Files\FrameWork\Image">
      <UniqueIdentifier>{701e385f-9228-4c1e-baaa-7b7b3692a89a}</UniqueIdentifier>
    </Filter>
    <Filter Include="Source Files\FrameWork\Math">
      <UniqueIdentifier>{8ef0196a-2571-4dd8-a5d2-3d40e846f9db}</UniqueIdentifier>
    </Filter>
  </ItemGroup>
  <ItemGroup>
    <ClCompile Include="..\Source\FrameWork\Utility.cpp">
      <Filter>Source Files\FrameWork</Filter>
    </ClCompile>
    <ClCompile Include="..\Source\FrameWork\Image\PNGReader.cpp">
      <Filter>Source Files\FrameWork\Image</Filter>
    </ClCompile>
    <ClCompile Include="..\Source\FrameWork\Image\ImageReader.cpp">
      <Filter>Source Files\FrameWork\Image</Filter>
    </ClCompile>
    <ClCompile Include="..\Source\FrameWork\DataTypes.cpp">
      <Filter>Source Files\FrameWork</Filter>
    </ClCompile>
    <ClCompile Include="..\Source\FrameWork\Math\Matrix.cpp">
      <Filter>Source Files\FrameWork\Math</Filter>
    </ClCompile>
    <ClCompile Include="..\Source\FrameWork\Math\Quaternion.cpp">
      <Filter>Source Files\FrameWork\Math</Filter>
    </ClCompile>
    <ClCompile Include="..\Source\FrameWork\Math\Vector.cpp">
      <Filter>Source Files\FrameWork\Math</Filter>
    </ClCompile>
    <ClCompile Include="..\Source\FrameWork\BaseRenderingDataStructure.cpp">
      <Filter>Source Files\FrameWork</Filter>
    </ClCompile>
    <ClCompile Include="..\Source\FrameWork\OpenGL\GLFrameWork.cpp">
      <Filter>Source Files\FrameWork\OpenGL</Filter>
    </ClCompile>
    <ClCompile Include="..\Source\FrameWork\OpenGL\GLProgramManager.cpp">
      <Filter>Source Files\FrameWork\OpenGL</Filter>
    </ClCompile>
    <ClCompile Include="..\Source\FrameWork\GLMesh.cpp">
      <Filter>Source Files\FrameWork</Filter>
    </ClCompile>
    <ClCompile Include="..\Source\FrameWork\GLParticleSystem.cpp">
      <Filter>Source Files\FrameWork</Filter>
    </ClCompile>
    <ClCompile Include="..\Source\FrameWork\Director.cpp">
      <Filter>Source Files\FrameWork</Filter>
    </ClCompile>
    <ClCompile Include="..\Source\FrameWork\Camera.cpp">
      <Filter>Source Files\FrameWork</Filter>
    </ClCompile>
    <ClCompile Include="..\Source\Console.cpp">
      <Filter>Source Files</Filter>
    </ClCompile>
    <ClCompile Include="..\Source\FrameWork\GLLabel.cpp">
      <Filter>Source Files\FrameWork</Filter>
    </ClCompile>
  </ItemGroup>
  <ItemGroup>
    <ClInclude Include="..\Source\FrameWork\Utility.h">
      <Filter>Source Files\FrameWork</Filter>
    </ClInclude>
    <ClInclude Include="..\Source\FrameWork\Image\PNGReader.h">
      <Filter>Source Files\FrameWork\Image</Filter>
    </ClInclude>
    <ClInclude Include="..\Source\FrameWork\Image\ImageReader.h">
      <Filter>Source Files\FrameWork\Image</Filter>
    </ClInclude>
    <ClInclude Include="..\Source\FrameWork\DataTypes.h">
      <Filter>Source Files\FrameWork</Filter>
    </ClInclude>
    <ClInclude Include="..\Source\FrameWork\Math\Matrix.h">
      <Filter>Source Files\FrameWork\Math</Filter>
    </ClInclude>
    <ClInclude Include="..\Source\FrameWork\Math\Quaternion.h">
      <Filter>Source Files\FrameWork\Math</Filter>
    </ClInclude>
    <ClInclude Include="..\Source\FrameWork\Math\Vector.h">
      <Filter>Source Files\FrameWork\Math</Filter>
    </ClInclude>
    <ClInclude Include="..\Source\FrameWork\BaseRenderingDataStructure.h">
      <Filter>Source Files\FrameWork</Filter>
    </ClInclude>
    <ClInclude Include="..\Source\FrameWork\OpenGL\GLFrameWork.h">
      <Filter>Source Files\FrameWork\OpenGL</Filter>
    </ClInclude>
    <ClInclude Include="..\Source\FrameWork\OpenGL\GLProgramManager.h">
      <Filter>Source Files\FrameWork\OpenGL</Filter>
    </ClInclude>
    <ClInclude Include="..\Source\FrameWork\GLMesh.h">
      <Filter>Source Files\FrameWork</Filter>
    </ClInclude>
    <ClInclude Include="..\Source\FrameWork\GLParticleSystem.h">
      <Filter>Source Files\FrameWork</Filter>
    </ClInclude>
    <ClInclude Include="..\Source\FrameWork\Director.h">
      <Filter>Source Files\FrameWork</Filter>
    </ClInclude>
    <ClInclude Include="..\Source\FrameWork\Camera.h">
      <Filter>Source Files\FrameWork</Filter>
    </ClInclude>
    <ClInclude Include="..\Source\FrameWork\GLLabel.h">
      <Filter>Source Files\FrameWork</Filter>
    </ClInclude>
  </ItemGroup>
  <ItemGroup>
    <None Include="..\Resource\Shaders\Mesh_Fragment_Shader.frag">
      <Filter>Shaders</Filter>
    </None>
    <None Include="..\Resource\Shaders\Mesh_Vertex_Shader.vert">
      <Filter>Shaders</Filter>
    </None>
    <None Include="..\Resource\Shaders\SkinMesh_Vertex_Shader.vert">
      <Filter>Shaders</Filter>
    </None>
    <None Include="..\Resource\Shaders\Particle_Fragment_Shader.frag">
      <Filter>Shaders</Filter>
    </None>
    <None Include="..\Resource\Shaders\Particle_Vertex_Shader.vert">
      <Filter>Shaders</Filter>
    </None>
    <None Include="..\Resource\Shaders\Label_Fragment_Shader.frag">
      <Filter>Shaders</Filter>
    </None>
    <None Include="..\Resource\Shaders\Label_Vertex_Shader.vert">
      <Filter>Shaders</Filter>
    </None>
  </ItemGroup>
</Project>