<?xml version="1.0" encoding="utf-8"?>
<Project ToolsVersion="4.0" xmlns="http://schemas.microsoft.com/developer/msbuild/2003">
  <ItemGroup>
    <Filter Include="Hardware">
      <UniqueIdentifier>{4FC737F1-C7A5-4376-A066-2A32D752A2FF}</UniqueIdentifier>
      <Extensions>cpp;c;cc;cxx;def;odl;idl;hpj;bat;asm;asmx</Extensions>
    </Filter>
    <Filter Include="OS">
      <UniqueIdentifier>{bdb228aa-be66-420a-844d-08c4f1b288ef}</UniqueIdentifier>
    </Filter>
    <Filter Include="Precomp">
      <UniqueIdentifier>{a7dc53c0-ac7b-40a3-a0f5-dd540303d388}</UniqueIdentifier>
    </Filter>
    <Filter Include="Precomp\win32">
      <UniqueIdentifier>{9c533984-3750-4310-b9a7-2287cb9cf2b8}</UniqueIdentifier>
    </Filter>
    <Filter Include="Precomp\linux">
      <UniqueIdentifier>{6edad46f-d432-45b1-b0a6-607b7d317711}</UniqueIdentifier>
    </Filter>
    <Filter Include="SystemInfoObserver">
      <UniqueIdentifier>{2f57c022-3790-4c03-932e-3d79307a817b}</UniqueIdentifier>
    </Filter>
  </ItemGroup>
  <ItemGroup>
    <ClCompile Include="..\..\..\..\Source\Application\SystemMonitor\SystemMonitorLib\Hardware\CPUInfo.cpp">
      <Filter>Hardware</Filter>
    </ClCompile>
    <ClCompile Include="..\..\..\..\Source\Application\SystemMonitor\SystemMonitorLib\Hardware\GraphicsCardInfo.cpp">
      <Filter>Hardware</Filter>
    </ClCompile>
    <ClCompile Include="..\..\..\..\Source\Application\SystemMonitor\SystemMonitorLib\Hardware\HardDiskInfo.cpp">
      <Filter>Hardware</Filter>
    </ClCompile>
    <ClCompile Include="..\..\..\..\Source\Application\SystemMonitor\SystemMonitorLib\Hardware\HardwareInfo.cpp">
      <Filter>Hardware</Filter>
    </ClCompile>
    <ClCompile Include="..\..\..\..\Source\Application\SystemMonitor\SystemMonitorLib\Hardware\MemoryInfo.cpp">
      <Filter>Hardware</Filter>
    </ClCompile>
    <ClCompile Include="..\..\..\..\Source\Application\SystemMonitor\SystemMonitorLib\Hardware\MotherBoardInfo.cpp">
      <Filter>Hardware</Filter>
    </ClCompile>
    <ClCompile Include="..\..\..\..\Source\Application\SystemMonitor\SystemMonitorLib\Hardware\NetworkCardInfo.cpp">
      <Filter>Hardware</Filter>
    </ClCompile>
    <ClCompile Include="..\..\..\..\Source\Application\SystemMonitor\SystemMonitorLib\Hardware\SoundCardInfo.cpp">
      <Filter>Hardware</Filter>
    </ClCompile>
    <ClCompile Include="..\..\..\..\Source\Application\SystemMonitor\SystemMonitorLib\OS\OperatingSystemInfo.cpp">
      <Filter>OS</Filter>
    </ClCompile>
    <ClCompile Include="..\..\..\..\Source\Application\SystemMonitor\SystemMonitorLib\OS\ProcessInfo.cpp">
      <Filter>OS</Filter>
    </ClCompile>
    <ClCompile Include="..\..\..\..\Source\Application\SystemMonitor\SystemMonitorLib\Precomp\Precomp.cpp">
      <Filter>Precomp</Filter>
    </ClCompile>
    <ClCompile Include="..\..\..\..\Source\Application\SystemMonitor\SystemMonitorLib\SystemInfoObserver\SystemInfoObserver.cpp">
      <Filter>SystemInfoObserver</Filter>
    </ClCompile>
    <ClCompile Include="..\..\..\..\Source\Application\SystemMonitor\SystemMonitorLib\ComputerInfo.cpp">
      <Filter>Hardware</Filter>
    </ClCompile>
  </ItemGroup>
  <ItemGroup>
    <ClInclude Include="..\..\..\..\Source\Application\SystemMonitor\SystemMonitorLib\Hardware\CPUInfo.h">
      <Filter>Hardware</Filter>
    </ClInclude>
    <ClInclude Include="..\..\..\..\Source\Application\SystemMonitor\SystemMonitorLib\Hardware\GraphicsCardInfo.h">
      <Filter>Hardware</Filter>
    </ClInclude>
    <ClInclude Include="..\..\..\..\Source\Application\SystemMonitor\SystemMonitorLib\Hardware\HardDiskInfo.h">
      <Filter>Hardware</Filter>
    </ClInclude>
    <ClInclude Include="..\..\..\..\Source\Application\SystemMonitor\SystemMonitorLib\Hardware\HardwareInfo.h">
      <Filter>Hardware</Filter>
    </ClInclude>
    <ClInclude Include="..\..\..\..\Source\Application\SystemMonitor\SystemMonitorLib\Hardware\MemoryInfo.h">
      <Filter>Hardware</Filter>
    </ClInclude>
    <ClInclude Include="..\..\..\..\Source\Application\SystemMonitor\SystemMonitorLib\Hardware\MotherBoardInfo.h">
      <Filter>Hardware</Filter>
    </ClInclude>
    <ClInclude Include="..\..\..\..\Source\Application\SystemMonitor\SystemMonitorLib\Hardware\NetworkCardInfo.h">
      <Filter>Hardware</Filter>
    </ClInclude>
    <ClInclude Include="..\..\..\..\Source\Application\SystemMonitor\SystemMonitorLib\Hardware\SoundCardInfo.h">
      <Filter>Hardware</Filter>
    </ClInclude>
    <ClInclude Include="..\..\..\..\Source\Application\SystemMonitor\SystemMonitorLib\OS\OperatingSystemInfo.h">
      <Filter>OS</Filter>
    </ClInclude>
    <ClInclude Include="..\..\..\..\Source\Application\SystemMonitor\SystemMonitorLib\OS\ProcessInfo.h">
      <Filter>OS</Filter>
    </ClInclude>
    <ClInclude Include="..\..\..\..\Source\Application\SystemMonitor\SystemMonitorLib\Precomp\Precomp.h">
      <Filter>Precomp</Filter>
    </ClInclude>
    <ClInclude Include="..\..\..\..\Source\Application\SystemMonitor\SystemMonitorLib\Precomp\Precomp_Common.h">
      <Filter>Precomp</Filter>
    </ClInclude>
    <ClInclude Include="..\..\..\..\Source\Application\SystemMonitor\SystemMonitorLib\Precomp\win32\Precomp_win32.h">
      <Filter>Precomp\win32</Filter>
    </ClInclude>
    <ClInclude Include="..\..\..\..\Source\Application\SystemMonitor\SystemMonitorLib\Precomp\linux\Precomp_linux.h">
      <Filter>Precomp\linux</Filter>
    </ClInclude>
    <ClInclude Include="..\..\..\..\Source\Application\SystemMonitor\SystemMonitorLib\SystemInfoObserver\SystemInfoObserver.h">
      <Filter>SystemInfoObserver</Filter>
    </ClInclude>
    <ClInclude Include="..\..\..\..\Source\Application\SystemMonitor\SystemMonitorLib\BasicDefines.h" />
    <ClInclude Include="..\..\..\..\Source\Application\SystemMonitor\SystemMonitorLib\ComputerInfo.h" />
  </ItemGroup>
</Project>