<?xml version="1.0" encoding="utf-8"?>
<Project ToolsVersion="4.0" xmlns="http://schemas.microsoft.com/developer/msbuild/2003">
  <ItemGroup>
    <Filter Include="Source">
      <UniqueIdentifier>{4FC737F1-C7A5-4376-A066-2A32D752A2FF}</UniqueIdentifier>
      <Extensions>cpp;c;cc;cxx;def;odl;idl;hpj;bat;asm;asmx</Extensions>
    </Filter>
    <Filter Include="Resource">
      <UniqueIdentifier>{67DA6AB6-F800-4c08-8B7A-83BB121AAD01}</UniqueIdentifier>
      <Extensions>rc;ico;cur;bmp;dlg;rc2;rct;bin;rgs;gif;jpg;jpeg;jpe;resx;tiff;tif;png;wav;mfcribbon-ms</Extensions>
    </Filter>
    <Filter Include="Source\Math">
      <UniqueIdentifier>{99c4f959-0fe9-49fd-8118-8fe9f956f85c}</UniqueIdentifier>
    </Filter>
    <Filter Include="Source\Pipeline">
      <UniqueIdentifier>{f1c5d512-59b9-4482-acbe-f88cf72024ff}</UniqueIdentifier>
    </Filter>
    <Filter Include="Source\Image">
      <UniqueIdentifier>{9447ce13-7b7f-4155-b28d-9a344318137d}</UniqueIdentifier>
    </Filter>
    <Filter Include="Source\Shader">
      <UniqueIdentifier>{a6eb5f45-be43-4fa6-94fb-a2190edad593}</UniqueIdentifier>
    </Filter>
  </ItemGroup>
  <ItemGroup>
    <ClCompile Include="3DConsole.cpp">
      <Filter>Source</Filter>
    </ClCompile>
    <ClCompile Include="Camera.cpp">
      <Filter>Source</Filter>
    </ClCompile>
    <ClCompile Include="DataTypes.cpp">
      <Filter>Source</Filter>
    </ClCompile>
    <ClCompile Include="Math\Matrix.cpp">
      <Filter>Source\Math</Filter>
    </ClCompile>
    <ClCompile Include="Math\Vector.cpp">
      <Filter>Source\Math</Filter>
    </ClCompile>
    <ClCompile Include="Utility.cpp">
      <Filter>Source</Filter>
    </ClCompile>
    <ClCompile Include="Director.cpp">
      <Filter>Source</Filter>
    </ClCompile>
    <ClCompile Include="Mesh.cpp">
      <Filter>Source</Filter>
    </ClCompile>
    <ClCompile Include="RasterizationStage.cpp">
      <Filter>Source\Pipeline</Filter>
    </ClCompile>
    <ClCompile Include="GeometryStage.cpp">
      <Filter>Source\Pipeline</Filter>
    </ClCompile>
    <ClCompile Include="ApplicationStage.cpp">
      <Filter>Source\Pipeline</Filter>
    </ClCompile>
    <ClCompile Include="Math\Quaternion.cpp">
      <Filter>Source\Math</Filter>
    </ClCompile>
    <ClCompile Include="Pipeline.cpp">
      <Filter>Source\Pipeline</Filter>
    </ClCompile>
    <ClCompile Include="Image\PNGReader.cpp">
      <Filter>Source\Image</Filter>
    </ClCompile>
    <ClCompile Include="Image\TGAReader.cpp">
      <Filter>Source\Image</Filter>
    </ClCompile>
    <ClCompile Include="Image\ImageManager.cpp">
      <Filter>Source\Image</Filter>
    </ClCompile>
    <ClCompile Include="Image\ImageReader.cpp">
      <Filter>Source\Image</Filter>
    </ClCompile>
    <ClCompile Include="Shaders\Shader.cpp">
      <Filter>Source\Shader</Filter>
    </ClCompile>
  </ItemGroup>
  <ItemGroup>
    <ClInclude Include="Camera.h">
      <Filter>Source</Filter>
    </ClInclude>
    <ClInclude Include="DataTypes.h">
      <Filter>Source</Filter>
    </ClInclude>
    <ClInclude Include="Math\Matrix.h">
      <Filter>Source\Math</Filter>
    </ClInclude>
    <ClInclude Include="Math\Vector.h">
      <Filter>Source\Math</Filter>
    </ClInclude>
    <ClInclude Include="Utility.h">
      <Filter>Source</Filter>
    </ClInclude>
    <ClInclude Include="Director.h">
      <Filter>Source</Filter>
    </ClInclude>
    <ClInclude Include="Mesh.h">
      <Filter>Source</Filter>
    </ClInclude>
    <ClInclude Include="RasterizationStage.h">
      <Filter>Source\Pipeline</Filter>
    </ClInclude>
    <ClInclude Include="GeometryStage.h">
      <Filter>Source\Pipeline</Filter>
    </ClInclude>
    <ClInclude Include="ApplicationStage.h">
      <Filter>Source\Pipeline</Filter>
    </ClInclude>
    <ClInclude Include="Math\Quaternion.h">
      <Filter>Source\Math</Filter>
    </ClInclude>
    <ClInclude Include="Pipeline.h">
      <Filter>Source\Pipeline</Filter>
    </ClInclude>
    <ClInclude Include="Image\PNGReader.h">
      <Filter>Source\Image</Filter>
    </ClInclude>
    <ClInclude Include="Image\TGAReader.h">
      <Filter>Source\Image</Filter>
    </ClInclude>
    <ClInclude Include="Image\ImageManager.h">
      <Filter>Source\Image</Filter>
    </ClInclude>
    <ClInclude Include="Image\ImageReader.h">
      <Filter>Source\Image</Filter>
    </ClInclude>
    <ClInclude Include="Math\fixedpoint.h">
      <Filter>Source\Math</Filter>
    </ClInclude>
    <ClInclude Include="Shaders\Shader.h">
      <Filter>Source\Shader</Filter>
    </ClInclude>
  </ItemGroup>
</Project>